<?xml version="1.0" encoding="utf-8"?>
<Project ToolsVersion="4.0" xmlns="http://schemas.microsoft.com/developer/msbuild/2003">
  <ItemGroup>
    <Filter Include="源文件">
      <UniqueIdentifier>{4FC737F1-C7A5-4376-A066-2A32D752A2FF}</UniqueIdentifier>
      <Extensions>cpp;c;cc;cxx;def;odl;idl;hpj;bat;asm;asmx</Extensions>
    </Filter>
    <Filter Include="头文件">
      <UniqueIdentifier>{93995380-89BD-4b04-88EB-625FBE52EBFB}</UniqueIdentifier>
      <Extensions>h;hh;hpp;hxx;hm;inl;inc;xsd</Extensions>
    </Filter>
    <Filter Include="资源文件">
      <UniqueIdentifier>{67DA6AB6-F800-4c08-8B7A-83BB121AAD01}</UniqueIdentifier>
      <Extensions>rc;ico;cur;bmp;dlg;rc2;rct;bin;rgs;gif;jpg;jpeg;jpe;resx;tiff;tif;png;wav;mfcribbon-ms</Extensions>
    </Filter>
    <Filter Include="World">
      <UniqueIdentifier>{ec766a03-2021-4ac2-a796-8d6f6104cb09}</UniqueIdentifier>
    </Filter>
    <Filter Include="Network">
      <UniqueIdentifier>{20c5a958-8e0b-4313-81be-3d8d88d47b75}</UniqueIdentifier>
    </Filter>
    <Filter Include="Moveable Object">
      <UniqueIdentifier>{fcc310bf-65af-471a-969d-edf76d6238f1}</UniqueIdentifier>
    </Filter>
    <Filter Include="Moveable Object\Animals">
      <UniqueIdentifier>{42b60842-aa52-494c-a3b6-f00e3897c9d1}</UniqueIdentifier>
    </Filter>
  </ItemGroup>
  <ItemGroup>
    <ClInclude Include="..\Cpp\GUI.h">
      <Filter>头文件</Filter>
    </ClInclude>
    <ClInclude Include="..\Cpp\Hitbox.h">
      <Filter>头文件</Filter>
    </ClInclude>
    <ClInclude Include="..\Cpp\Particles.h">
      <Filter>头文件</Filter>
    </ClInclude>
    <ClInclude Include="..\Cpp\Player.h">
      <Filter>头文件</Filter>
    </ClInclude>
    <ClInclude Include="..\Cpp\Renderer.h">
      <Filter>头文件</Filter>
    </ClInclude>
    <ClInclude Include="..\Cpp\Textures.h">
      <Filter>头文件</Filter>
    </ClInclude>
    <ClInclude Include="..\Cpp\Blocks.h">
      <Filter>头文件</Filter>
    </ClInclude>
    <ClInclude Include="..\Cpp\Def.h">
      <Filter>头文件</Filter>
    </ClInclude>
    <ClInclude Include="..\Cpp\DeveloperOptions.h">
      <Filter>头文件</Filter>
    </ClInclude>
    <ClInclude Include="..\Cpp\glprinting.h">
      <Filter>头文件</Filter>
    </ClInclude>
    <ClInclude Include="..\Cpp\menus.h">
      <Filter>头文件</Filter>
    </ClInclude>
    <ClInclude Include="..\Cpp\frustum.h">
      <Filter>头文件</Filter>
    </ClInclude>
    <ClInclude Include="..\Cpp\Skin.h">
      <Filter>头文件</Filter>
    </ClInclude>
    <ClInclude Include="..\Cpp\WorldGen.h">
      <Filter>World</Filter>
    </ClInclude>
    <ClInclude Include="..\Cpp\World.h">
      <Filter>World</Filter>
    </ClInclude>
    <ClInclude Include="..\Cpp\Chunk.h">
      <Filter>World</Filter>
    </ClInclude>
    <ClInclude Include="..\Cpp\ChunkIndexArray.h">
      <Filter>World</Filter>
    </ClInclude>
    <ClInclude Include="..\Cpp\Mo.h">
      <Filter>Moveable Object</Filter>
    </ClInclude>
    <ClInclude Include="..\Cpp\server.h">
      <Filter>Network</Filter>
    </ClInclude>
    <ClInclude Include="..\Cpp\client.h">
      <Filter>Network</Filter>
    </ClInclude>
    <ClInclude Include="..\Cpp\Cat.h">
      <Filter>Moveable Object\Animals</Filter>
    </ClInclude>
  </ItemGroup>
  <ItemGroup>
    <ClCompile Include="..\Cpp\Def.cpp">
      <Filter>源文件</Filter>
    </ClCompile>
    <ClCompile Include="..\Cpp\glprinting.cpp">
      <Filter>源文件</Filter>
    </ClCompile>
    <ClCompile Include="..\Cpp\GUI.cpp">
      <Filter>源文件</Filter>
    </ClCompile>
    <ClCompile Include="..\Cpp\Hitbox.cpp">
      <Filter>源文件</Filter>
    </ClCompile>
    <ClCompile Include="..\Cpp\NEWorld.cpp">
      <Filter>源文件</Filter>
    </ClCompile>
    <ClCompile Include="..\Cpp\Particles.cpp">
      <Filter>源文件</Filter>
    </ClCompile>
    <ClCompile Include="..\Cpp\Player.cpp">
      <Filter>源文件</Filter>
    </ClCompile>
    <ClCompile Include="..\Cpp\Renderer.cpp">
      <Filter>源文件</Filter>
    </ClCompile>
    <ClCompile Include="..\Cpp\Textures.cpp">
      <Filter>源文件</Filter>
    </ClCompile>
    <ClCompile Include="..\Cpp\menus.cpp">
      <Filter>源文件</Filter>
    </ClCompile>
    <ClCompile Include="..\Cpp\frustum.cpp">
      <Filter>源文件</Filter>
    </ClCompile>
    <ClCompile Include="..\Cpp\Skin.cpp">
      <Filter>源文件</Filter>
    </ClCompile>
    <ClCompile Include="..\Cpp\Chunk.cpp">
      <Filter>World</Filter>
    </ClCompile>
    <ClCompile Include="..\Cpp\ChunkIndexArray.cpp">
      <Filter>World</Filter>
    </ClCompile>
    <ClCompile Include="..\Cpp\World.cpp">
      <Filter>World</Filter>
    </ClCompile>
    <ClCompile Include="..\Cpp\WorldGen.cpp">
      <Filter>World</Filter>
    </ClCompile>
    <ClCompile Include="..\Cpp\client.cpp">
      <Filter>Network</Filter>
    </ClCompile>
    <ClCompile Include="..\Cpp\server.cpp">
      <Filter>Network</Filter>
    </ClCompile>
    <ClCompile Include="..\Cpp\Cat.cpp">
      <Filter>Moveable Object\Animals</Filter>
    </ClCompile>
  </ItemGroup>
</Project>